<?xml version="1.0" encoding="utf-8"?>
<Project ToolsVersion="4.0" xmlns="http://schemas.microsoft.com/developer/msbuild/2003">
  <ItemGroup>
    <Text Include="..\src\CMakeLists.txt" />
  </ItemGroup>
  <ItemGroup>
    <ClCompile Include="..\src\Main.cpp" />
    <ClCompile Include="BaseApp.cpp" />
    <ClCompile Include="SDK\Proton\FileSystem\FileManager.cpp" />
    <ClCompile Include="SDK\Proton\FileSystem\StreamingInstance.cpp" />
    <ClCompile Include="SDK\Proton\FileSystem\StreamingInstanceFile.cpp" />
    <ClCompile Include="SDK\Proton\MiscUtils.cpp" />
    <ClCompile Include="SDK\Proton\TextScanner.cpp" />
    <ClCompile Include="SDK\Proton\Variant.cpp" />
    <ClCompile Include="GrowConfig.cpp" />
    <ClCompile Include="Items\ItemInfo.cpp" />
    <ClCompile Include="Items\ItemInfoManager.cpp" />
    <ClCompile Include="Server\ENetServer.cpp" />
    <ClCompile Include="Client\GameClient.cpp" />
    <ClCompile Include="Server\PacketHandler.cpp" />
    <ClCompile Include="Net\NetSocket.cpp" />
    <ClCompile Include="World\WorldsManager.cpp" />
    <ClCompile Include="World\World.cpp" />
    <ClCompile Include="Client\VariantFunc.cpp" />
    <ClCompile Include="Client\PlayerItems.cpp" />
    <ClCompile Include="World\Tile.cpp" />
  </ItemGroup>
  <ItemGroup>
    <ClInclude Include="BaseApp.h" />
    <ClInclude Include="SDK\TimeWrapper.h" />
    <ClInclude Include="GrowConfig.h" />
    <ClInclude Include="SDK\Proton\FileSystem\FileManager.h" />
    <ClInclude Include="SDK\Proton\FileSystem\FileSystem.h" />
    <ClInclude Include="SDK\Proton\FileSystem\StreamingInstance.h" />
    <ClInclude Include="SDK\Proton\FileSystem\StreamingInstanceFile.h" />
    <ClInclude Include="SDK\Proton\Math.h" />
    <ClInclude Include="SDK\Proton\MiscUtils.h" />
    <ClInclude Include="SDK\Proton\TextScanner.h" />
    <ClInclude Include="SDK\Proton\Variant.h" />
    <ClInclude Include="Items\Defs.h" />
    <ClInclude Include="Items\ItemInfo.h" />
    <ClInclude Include="Items\ItemInfoManager.h" />
    <ClInclude Include="Packet\GameUpdatePacket.h" />
    <ClInclude Include="Server\ENetServer.h" />
    <ClInclude Include="Client\GameClient.h" />
    <ClInclude Include="Server\PacketHandler.h" />
    <ClInclude Include="Packet\Client\LogonPacketListener.h" />
    <ClInclude Include="Client\LoginDetails.h" />
    <ClInclude Include="SDK\HSL.h" />
    <ClInclude Include="SDK\MD5.h" />
    <ClInclude Include="Net\GrowPacket.h" />
    <ClInclude Include="Net\NetSocket.h" />
    <ClInclude Include="Packet\Client\Generic\EnterGameListener.h" />
    <ClInclude Include="World\WorldsManager.h" />
    <ClInclude Include="SDK\Builders\WorldOffersBuilder.h" />
    <ClInclude Include="World\World.h" />
    <ClInclude Include="Client\VariantFunc.h" />
    <ClInclude Include="Client\PlayerItems.h" />
    <ClInclude Include="SDK\Builders\DialogBuilder.h" />
    <ClInclude Include="World\Tile.h" />
  </ItemGroup>
</Project>